// !$*UTF8*$!
{
	archiveVersion = 1;
	classes = {
	};
	objectVersion = 50;
	objects = {

/* Begin PBXBuildFile section */
		305859A4218FC236000C5806 /* Lyreka_xcodeProjectUITests.swift in Sources */ = {isa = PBXBuildFile; fileRef = 305859A3218FC236000C5806 /* Lyreka_xcodeProjectUITests.swift */; };
		4B25050021A239CC00638B3E /* OnlineSongsViewController.swift in Sources */ = {isa = PBXBuildFile; fileRef = 4B2504FF21A239CC00638B3E /* OnlineSongsViewController.swift */; };
		4B62978021838C060049E074 /* AppDelegate.swift in Sources */ = {isa = PBXBuildFile; fileRef = 4B62977F21838C060049E074 /* AppDelegate.swift */; };
		4B62978521838C060049E074 /* Main.storyboard in Resources */ = {isa = PBXBuildFile; fileRef = 4B62978321838C060049E074 /* Main.storyboard */; };
		4B62978721838C070049E074 /* Assets.xcassets in Resources */ = {isa = PBXBuildFile; fileRef = 4B62978621838C070049E074 /* Assets.xcassets */; };
		4B62979221838C9F0049E074 /* MainViewController.swift in Sources */ = {isa = PBXBuildFile; fileRef = 4B62979121838C9F0049E074 /* MainViewController.swift */; };
		4B62979421838FD70049E074 /* PlaylistViewController.swift in Sources */ = {isa = PBXBuildFile; fileRef = 4B62979321838FD60049E074 /* PlaylistViewController.swift */; };
		4B769DD92190E5B6000CD354 /* My Heart Will Go On.mp3 in Resources */ = {isa = PBXBuildFile; fileRef = 4B769DD82190E5B6000CD354 /* My Heart Will Go On.mp3 */; };
		4B769DDD2190E95A000CD354 /* My Heart Will Go On.lrc in Resources */ = {isa = PBXBuildFile; fileRef = 4B769DDC2190E95A000CD354 /* My Heart Will Go On.lrc */; };
		4B8D8B8F21A0B75B00B0E851 /* 5 second alarm.mp3 in Resources */ = {isa = PBXBuildFile; fileRef = 4B8D8B8B21A0B75B00B0E851 /* 5 second alarm.mp3 */; };
		4B8D8B9021A0B75B00B0E851 /* 5 second alarm.mp3 in Resources */ = {isa = PBXBuildFile; fileRef = 4B8D8B8B21A0B75B00B0E851 /* 5 second alarm.mp3 */; };
		4B8D8B9521A0B75B00B0E851 /* 5 second song.mp3 in Resources */ = {isa = PBXBuildFile; fileRef = 4B8D8B8E21A0B75B00B0E851 /* 5 second song.mp3 */; };
		4B8D8B9621A0B75B00B0E851 /* 5 second song.mp3 in Resources */ = {isa = PBXBuildFile; fileRef = 4B8D8B8E21A0B75B00B0E851 /* 5 second song.mp3 */; };
		4B8D8B9821A0BB1F00B0E851 /* PlaylistCell.swift in Sources */ = {isa = PBXBuildFile; fileRef = 4B8D8B9721A0BB1F00B0E851 /* PlaylistCell.swift */; };
		4B8D8B9921A0BB1F00B0E851 /* PlaylistCell.swift in Sources */ = {isa = PBXBuildFile; fileRef = 4B8D8B9721A0BB1F00B0E851 /* PlaylistCell.swift */; };
		4B8D8B9C21A0BD2D00B0E851 /* 5 second alarm.lrc in Resources */ = {isa = PBXBuildFile; fileRef = 4B8D8B9A21A0BD2C00B0E851 /* 5 second alarm.lrc */; };
		4B8D8B9D21A0BD2D00B0E851 /* 5 second alarm.lrc in Resources */ = {isa = PBXBuildFile; fileRef = 4B8D8B9A21A0BD2C00B0E851 /* 5 second alarm.lrc */; };
		4B99924321A0F08100279690 /* WebViewController.swift in Sources */ = {isa = PBXBuildFile; fileRef = 4B99924221A0F08100279690 /* WebViewController.swift */; };
		4BB0FF102183ACA900DA380F /* PopupViewController.swift in Sources */ = {isa = PBXBuildFile; fileRef = 4BB0FF0F2183ACA900DA380F /* PopupViewController.swift */; };
		4BB0FF122183AD9A00DA380F /* OptionViewController.swift in Sources */ = {isa = PBXBuildFile; fileRef = 4BB0FF112183AD9A00DA380F /* OptionViewController.swift */; };
		4BC81C73218B7C030048E8AF /* Fly Me To The Moon.lrc in Resources */ = {isa = PBXBuildFile; fileRef = 4BC81C72218B7C030048E8AF /* Fly Me To The Moon.lrc */; };
		4BC81C75218BB8690048E8AF /* Yesterday Once More.lrc in Resources */ = {isa = PBXBuildFile; fileRef = 4BC81C74218BB8690048E8AF /* Yesterday Once More.lrc */; };
		4BD8476921862EB800263029 /* GameViewController.swift in Sources */ = {isa = PBXBuildFile; fileRef = 4BD8476821862EB800263029 /* GameViewController.swift */; };
		4BD8476B2186300F00263029 /* PausePopupViewController.swift in Sources */ = {isa = PBXBuildFile; fileRef = 4BD8476A2186300F00263029 /* PausePopupViewController.swift */; };
		4BD847732186443900263029 /* Fly Me To The Moon.mp3 in Resources */ = {isa = PBXBuildFile; fileRef = 4BD847702186443900263029 /* Fly Me To The Moon.mp3 */; };
		4BD847742186443900263029 /* Yesterday Once More.mp3 in Resources */ = {isa = PBXBuildFile; fileRef = 4BD847712186443900263029 /* Yesterday Once More.mp3 */; };
		4BD8477821867C5300263029 /* EndPopupViewController.swift in Sources */ = {isa = PBXBuildFile; fileRef = 4BD8477721867C5300263029 /* EndPopupViewController.swift */; };
/* End PBXBuildFile section */

/* Begin PBXContainerItemProxy section */
		305859A6218FC236000C5806 /* PBXContainerItemProxy */ = {
			isa = PBXContainerItemProxy;
			containerPortal = 4B62977421838C060049E074 /* Project object */;
			proxyType = 1;
			remoteGlobalIDString = 4B62977B21838C060049E074;
			remoteInfo = Lyreka_xcodeProject;
		};
/* End PBXContainerItemProxy section */

/* Begin PBXFileReference section */
		305859A3218FC236000C5806 /* Lyreka_xcodeProjectUITests.swift */ = {isa = PBXFileReference; lastKnownFileType = sourcecode.swift; path = Lyreka_xcodeProjectUITests.swift; sourceTree = "<group>"; };
		305859A5218FC236000C5806 /* Info.plist */ = {isa = PBXFileReference; lastKnownFileType = text.plist.xml; path = Info.plist; sourceTree = "<group>"; };
		4B2504FB21A2351400638B3E /* Lyreka_xcodeProject.app */ = {isa = PBXFileReference; explicitFileType = wrapper.application; includeInIndex = 0; path = Lyreka_xcodeProject.app; sourceTree = BUILT_PRODUCTS_DIR; };
		4B2504FC21A2351400638B3E /* Lyreka_xcodeProjectUITests.xctest */ = {isa = PBXFileReference; explicitFileType = wrapper.cfbundle; includeInIndex = 0; path = Lyreka_xcodeProjectUITests.xctest; sourceTree = BUILT_PRODUCTS_DIR; };
		4B2504FF21A239CC00638B3E /* OnlineSongsViewController.swift */ = {isa = PBXFileReference; lastKnownFileType = sourcecode.swift; path = OnlineSongsViewController.swift; sourceTree = "<group>"; };
		4B62977F21838C060049E074 /* AppDelegate.swift */ = {isa = PBXFileReference; lastKnownFileType = sourcecode.swift; path = AppDelegate.swift; sourceTree = "<group>"; };
		4B62978421838C060049E074 /* Base */ = {isa = PBXFileReference; lastKnownFileType = file.storyboard; name = Base; path = Base.lproj/Main.storyboard; sourceTree = "<group>"; };
		4B62978621838C070049E074 /* Assets.xcassets */ = {isa = PBXFileReference; lastKnownFileType = folder.assetcatalog; path = Assets.xcassets; sourceTree = "<group>"; };
		4B62978B21838C070049E074 /* Info.plist */ = {isa = PBXFileReference; lastKnownFileType = text.plist.xml; path = Info.plist; sourceTree = "<group>"; };
		4B62979121838C9F0049E074 /* MainViewController.swift */ = {isa = PBXFileReference; lastKnownFileType = sourcecode.swift; path = MainViewController.swift; sourceTree = "<group>"; };
		4B62979321838FD60049E074 /* PlaylistViewController.swift */ = {isa = PBXFileReference; lastKnownFileType = sourcecode.swift; path = PlaylistViewController.swift; sourceTree = "<group>"; };
		4B769DD82190E5B6000CD354 /* My Heart Will Go On.mp3 */ = {isa = PBXFileReference; lastKnownFileType = audio.mp3; path = "My Heart Will Go On.mp3"; sourceTree = "<group>"; };
		4B769DDC2190E95A000CD354 /* My Heart Will Go On.lrc */ = {isa = PBXFileReference; fileEncoding = 4; lastKnownFileType = text; path = "My Heart Will Go On.lrc"; sourceTree = "<group>"; };
		4B8D8B8B21A0B75B00B0E851 /* 5 second alarm.mp3 */ = {isa = PBXFileReference; lastKnownFileType = audio.mp3; path = "5 second alarm.mp3"; sourceTree = "<group>"; };
		4B8D8B8E21A0B75B00B0E851 /* 5 second song.mp3 */ = {isa = PBXFileReference; lastKnownFileType = audio.mp3; path = "5 second song.mp3"; sourceTree = "<group>"; };
		4B8D8B9721A0BB1F00B0E851 /* PlaylistCell.swift */ = {isa = PBXFileReference; lastKnownFileType = sourcecode.swift; path = PlaylistCell.swift; sourceTree = "<group>"; };
		4B8D8B9A21A0BD2C00B0E851 /* 5 second alarm.lrc */ = {isa = PBXFileReference; fileEncoding = 4; lastKnownFileType = text; path = "5 second alarm.lrc"; sourceTree = "<group>"; };
		4B99924221A0F08100279690 /* WebViewController.swift */ = {isa = PBXFileReference; lastKnownFileType = sourcecode.swift; path = WebViewController.swift; sourceTree = "<group>"; };
		4BB0FF0F2183ACA900DA380F /* PopupViewController.swift */ = {isa = PBXFileReference; lastKnownFileType = sourcecode.swift; path = PopupViewController.swift; sourceTree = "<group>"; };
		4BB0FF112183AD9A00DA380F /* OptionViewController.swift */ = {isa = PBXFileReference; lastKnownFileType = sourcecode.swift; path = OptionViewController.swift; sourceTree = "<group>"; };
		4BC81C72218B7C030048E8AF /* Fly Me To The Moon.lrc */ = {isa = PBXFileReference; fileEncoding = 4; lastKnownFileType = text; path = "Fly Me To The Moon.lrc"; sourceTree = "<group>"; };
		4BC81C74218BB8690048E8AF /* Yesterday Once More.lrc */ = {isa = PBXFileReference; fileEncoding = 4; lastKnownFileType = text; path = "Yesterday Once More.lrc"; sourceTree = "<group>"; };
		4BD8476821862EB800263029 /* GameViewController.swift */ = {isa = PBXFileReference; lastKnownFileType = sourcecode.swift; path = GameViewController.swift; sourceTree = "<group>"; };
		4BD8476A2186300F00263029 /* PausePopupViewController.swift */ = {isa = PBXFileReference; lastKnownFileType = sourcecode.swift; path = PausePopupViewController.swift; sourceTree = "<group>"; };
		4BD847702186443900263029 /* Fly Me To The Moon.mp3 */ = {isa = PBXFileReference; lastKnownFileType = audio.mp3; path = "Fly Me To The Moon.mp3"; sourceTree = "<group>"; };
		4BD847712186443900263029 /* Yesterday Once More.mp3 */ = {isa = PBXFileReference; lastKnownFileType = audio.mp3; path = "Yesterday Once More.mp3"; sourceTree = "<group>"; };
		4BD8477721867C5300263029 /* EndPopupViewController.swift */ = {isa = PBXFileReference; lastKnownFileType = sourcecode.swift; path = EndPopupViewController.swift; sourceTree = "<group>"; };
/* End PBXFileReference section */

/* Begin PBXFrameworksBuildPhase section */
		3058599E218FC236000C5806 /* Frameworks */ = {
			isa = PBXFrameworksBuildPhase;
			buildActionMask = 2147483647;
			files = (
			);
			runOnlyForDeploymentPostprocessing = 0;
		};
		4B62977921838C060049E074 /* Frameworks */ = {
			isa = PBXFrameworksBuildPhase;
			buildActionMask = 2147483647;
			files = (
			);
			runOnlyForDeploymentPostprocessing = 0;
		};
/* End PBXFrameworksBuildPhase section */

/* Begin PBXGroup section */
		305859A2218FC236000C5806 /* Lyreka_xcodeProjectUITests */ = {
			isa = PBXGroup;
			children = (
				305859A3218FC236000C5806 /* Lyreka_xcodeProjectUITests.swift */,
				305859A5218FC236000C5806 /* Info.plist */,
			);
			path = Lyreka_xcodeProjectUITests;
			sourceTree = "<group>";
		};
		4B62977321838C060049E074 = {
			isa = PBXGroup;
			children = (
				4B62977E21838C060049E074 /* Lyreka_xcodeProject */,
				305859A2218FC236000C5806 /* Lyreka_xcodeProjectUITests */,
			);
			sourceTree = "<group>";
		};
		4B62977D21838C060049E074 /* Products */ = {
			isa = PBXGroup;
			children = (
				4B2504FB21A2351400638B3E /* Lyreka_xcodeProject.app */,
				4B2504FC21A2351400638B3E /* Lyreka_xcodeProjectUITests.xctest */,
			);
			name = Products;
			path = ..;
			sourceTree = "<group>";
		};
		4B62977E21838C060049E074 /* Lyreka_xcodeProject */ = {
			isa = PBXGroup;
			children = (
				4B62977D21838C060049E074 /* Products */,
				4B62979121838C9F0049E074 /* MainViewController.swift */,
				4BB0FF112183AD9A00DA380F /* OptionViewController.swift */,
				4B99924221A0F08100279690 /* WebViewController.swift */,
				4B62979321838FD60049E074 /* PlaylistViewController.swift */,
				4B8D8B9721A0BB1F00B0E851 /* PlaylistCell.swift */,
				4BB0FF0F2183ACA900DA380F /* PopupViewController.swift */,
				4BD8476821862EB800263029 /* GameViewController.swift */,
				4B62977F21838C060049E074 /* AppDelegate.swift */,
				4BD8477721867C5300263029 /* EndPopupViewController.swift */,
				4BD8476A2186300F00263029 /* PausePopupViewController.swift */,
				4B2504FF21A239CC00638B3E /* OnlineSongsViewController.swift */,
				4B62978321838C060049E074 /* Main.storyboard */,
				4B62978621838C070049E074 /* Assets.xcassets */,
				4B62978B21838C070049E074 /* Info.plist */,
				4BD8476E2186443900263029 /* songs */,
			);
			path = Lyreka_xcodeProject;
			sourceTree = "<group>";
		};
		4BD8476E2186443900263029 /* songs */ = {
			isa = PBXGroup;
			children = (
				4BD847702186443900263029 /* Fly Me To The Moon.mp3 */,
				4BC81C72218B7C030048E8AF /* Fly Me To The Moon.lrc */,
				4BD847712186443900263029 /* Yesterday Once More.mp3 */,
				4BC81C74218BB8690048E8AF /* Yesterday Once More.lrc */,
				4B769DD82190E5B6000CD354 /* My Heart Will Go On.mp3 */,
				4B769DDC2190E95A000CD354 /* My Heart Will Go On.lrc */,
				4B8D8B8B21A0B75B00B0E851 /* 5 second alarm.mp3 */,
				4B8D8B9A21A0BD2C00B0E851 /* 5 second alarm.lrc */,
				4B8D8B8E21A0B75B00B0E851 /* 5 second song.mp3 */,
			);
			path = songs;
			sourceTree = "<group>";
		};
/* End PBXGroup section */

/* Begin PBXNativeTarget section */
		305859A0218FC236000C5806 /* Lyreka_xcodeProjectUITests */ = {
			isa = PBXNativeTarget;
			buildConfigurationList = 305859AA218FC236000C5806 /* Build configuration list for PBXNativeTarget "Lyreka_xcodeProjectUITests" */;
			buildPhases = (
				3058599D218FC236000C5806 /* Sources */,
				3058599E218FC236000C5806 /* Frameworks */,
				3058599F218FC236000C5806 /* Resources */,
			);
			buildRules = (
			);
			dependencies = (
				305859A7218FC236000C5806 /* PBXTargetDependency */,
			);
			name = Lyreka_xcodeProjectUITests;
			productName = Lyreka_xcodeProjectUITests;
			productReference = 4B2504FC21A2351400638B3E /* Lyreka_xcodeProjectUITests.xctest */;
			productType = "com.apple.product-type.bundle.ui-testing";
		};
		4B62977B21838C060049E074 /* Lyreka_xcodeProject */ = {
			isa = PBXNativeTarget;
			buildConfigurationList = 4B62978E21838C070049E074 /* Build configuration list for PBXNativeTarget "Lyreka_xcodeProject" */;
			buildPhases = (
				4B62977821838C060049E074 /* Sources */,
				4B62977921838C060049E074 /* Frameworks */,
				4B62977A21838C060049E074 /* Resources */,
			);
			buildRules = (
			);
			dependencies = (
			);
			name = Lyreka_xcodeProject;
			productName = sample_c;
			productReference = 4B2504FB21A2351400638B3E /* Lyreka_xcodeProject.app */;
			productType = "com.apple.product-type.application";
		};
/* End PBXNativeTarget section */

/* Begin PBXProject section */
		4B62977421838C060049E074 /* Project object */ = {
			isa = PBXProject;
			attributes = {
				LastSwiftUpdateCheck = 0940;
				LastUpgradeCheck = 0940;
				ORGANIZATIONNAME = "Li heng Ou";
				TargetAttributes = {
					305859A0218FC236000C5806 = {
						CreatedOnToolsVersion = 9.4.1;
						TestTargetID = 4B62977B21838C060049E074;
					};
					4B62977B21838C060049E074 = {
						CreatedOnToolsVersion = 9.4.1;
					};
				};
			};
			buildConfigurationList = 4B62977721838C060049E074 /* Build configuration list for PBXProject "Lyreka_xcodeProject" */;
			compatibilityVersion = "Xcode 9.3";
			developmentRegion = en;
			hasScannedForEncodings = 0;
			knownRegions = (
				en,
				Base,
			);
			mainGroup = 4B62977321838C060049E074;
			productRefGroup = 4B62977D21838C060049E074 /* Products */;
			projectDirPath = "";
			projectRoot = "";
			targets = (
				4B62977B21838C060049E074 /* Lyreka_xcodeProject */,
				305859A0218FC236000C5806 /* Lyreka_xcodeProjectUITests */,
			);
		};
/* End PBXProject section */

/* Begin PBXResourcesBuildPhase section */
		3058599F218FC236000C5806 /* Resources */ = {
			isa = PBXResourcesBuildPhase;
			buildActionMask = 2147483647;
			files = (
				4B8D8B9021A0B75B00B0E851 /* 5 second alarm.mp3 in Resources */,
				4B8D8B9621A0B75B00B0E851 /* 5 second song.mp3 in Resources */,
				4B8D8B9D21A0BD2D00B0E851 /* 5 second alarm.lrc in Resources */,
			);
			runOnlyForDeploymentPostprocessing = 0;
		};
		4B62977A21838C060049E074 /* Resources */ = {
			isa = PBXResourcesBuildPhase;
			buildActionMask = 2147483647;
			files = (
				4BD847732186443900263029 /* Fly Me To The Moon.mp3 in Resources */,
				4B769DD92190E5B6000CD354 /* My Heart Will Go On.mp3 in Resources */,
				4B769DDD2190E95A000CD354 /* My Heart Will Go On.lrc in Resources */,
				4B62978721838C070049E074 /* Assets.xcassets in Resources */,
				4B62978521838C060049E074 /* Main.storyboard in Resources */,
				4B8D8B8F21A0B75B00B0E851 /* 5 second alarm.mp3 in Resources */,
				4BD847742186443900263029 /* Yesterday Once More.mp3 in Resources */,
				4BC81C73218B7C030048E8AF /* Fly Me To The Moon.lrc in Resources */,
				4BC81C75218BB8690048E8AF /* Yesterday Once More.lrc in Resources */,
				4B8D8B9521A0B75B00B0E851 /* 5 second song.mp3 in Resources */,
				4B8D8B9C21A0BD2D00B0E851 /* 5 second alarm.lrc in Resources */,
			);
			runOnlyForDeploymentPostprocessing = 0;
		};
/* End PBXResourcesBuildPhase section */

/* Begin PBXSourcesBuildPhase section */
		3058599D218FC236000C5806 /* Sources */ = {
			isa = PBXSourcesBuildPhase;
			buildActionMask = 2147483647;
			files = (
				305859A4218FC236000C5806 /* Lyreka_xcodeProjectUITests.swift in Sources */,
				4B8D8B9921A0BB1F00B0E851 /* PlaylistCell.swift in Sources */,
			);
			runOnlyForDeploymentPostprocessing = 0;
		};
		4B62977821838C060049E074 /* Sources */ = {
			isa = PBXSourcesBuildPhase;
			buildActionMask = 2147483647;
			files = (
				4B62978021838C060049E074 /* AppDelegate.swift in Sources */,
				4BD8477821867C5300263029 /* EndPopupViewController.swift in Sources */,
				4B8D8B9821A0BB1F00B0E851 /* PlaylistCell.swift in Sources */,
				4B99924321A0F08100279690 /* WebViewController.swift in Sources */,
				4BD8476B2186300F00263029 /* PausePopupViewController.swift in Sources */,
				4B25050021A239CC00638B3E /* OnlineSongsViewController.swift in Sources */,
				4BB0FF122183AD9A00DA380F /* OptionViewController.swift in Sources */,
				4B62979221838C9F0049E074 /* MainViewController.swift in Sources */,
				4B62979421838FD70049E074 /* PlaylistViewController.swift in Sources */,
				4BD8476921862EB800263029 /* GameViewController.swift in Sources */,
				4BB0FF102183ACA900DA380F /* PopupViewController.swift in Sources */,
			);
			runOnlyForDeploymentPostprocessing = 0;
		};
/* End PBXSourcesBuildPhase section */

/* Begin PBXTargetDependency section */
		305859A7218FC236000C5806 /* PBXTargetDependency */ = {
			isa = PBXTargetDependency;
			target = 4B62977B21838C060049E074 /* Lyreka_xcodeProject */;
			targetProxy = 305859A6218FC236000C5806 /* PBXContainerItemProxy */;
		};
/* End PBXTargetDependency section */

/* Begin PBXVariantGroup section */
		4B62978321838C060049E074 /* Main.storyboard */ = {
			isa = PBXVariantGroup;
			children = (
				4B62978421838C060049E074 /* Base */,
			);
			name = Main.storyboard;
			sourceTree = "<group>";
		};
/* End PBXVariantGroup section */

/* Begin XCBuildConfiguration section */
		305859A8218FC236000C5806 /* Debug */ = {
			isa = XCBuildConfiguration;
			buildSettings = {
				CODE_SIGN_STYLE = Automatic;
				INFOPLIST_FILE = Lyreka_xcodeProjectUITests/Info.plist;
				LD_RUNPATH_SEARCH_PATHS = (
					"$(inherited)",
					"@executable_path/Frameworks",
					"@loader_path/Frameworks",
				);
				PRODUCT_BUNDLE_IDENTIFIER = "Lyreka.Lyreka-xcodeProjectUITests";
				PRODUCT_NAME = "$(TARGET_NAME)";
				SWIFT_VERSION = 4.0;
				TARGETED_DEVICE_FAMILY = "1,2";
				TEST_TARGET_NAME = Lyreka_xcodeProject;
			};
			name = Debug;
		};
		305859A9218FC236000C5806 /* Release */ = {
			isa = XCBuildConfiguration;
			buildSettings = {
				CODE_SIGN_STYLE = Automatic;
				INFOPLIST_FILE = Lyreka_xcodeProjectUITests/Info.plist;
				LD_RUNPATH_SEARCH_PATHS = (
					"$(inherited)",
					"@executable_path/Frameworks",
					"@loader_path/Frameworks",
				);
				PRODUCT_BUNDLE_IDENTIFIER = "Lyreka.Lyreka-xcodeProjectUITests";
				PRODUCT_NAME = "$(TARGET_NAME)";
				SWIFT_VERSION = 4.0;
				TARGETED_DEVICE_FAMILY = "1,2";
				TEST_TARGET_NAME = Lyreka_xcodeProject;
			};
			name = Release;
		};
		4B62978C21838C070049E074 /* Debug */ = {
			isa = XCBuildConfiguration;
			buildSettings = {
				ALWAYS_SEARCH_USER_PATHS = NO;
				CLANG_ANALYZER_NONNULL = YES;
				CLANG_ANALYZER_NUMBER_OBJECT_CONVERSION = YES_AGGRESSIVE;
				CLANG_CXX_LANGUAGE_STANDARD = "gnu++14";
				CLANG_CXX_LIBRARY = "libc++";
				CLANG_ENABLE_MODULES = YES;
				CLANG_ENABLE_OBJC_ARC = YES;
				CLANG_ENABLE_OBJC_WEAK = YES;
				CLANG_WARN_BLOCK_CAPTURE_AUTORELEASING = YES;
				CLANG_WARN_BOOL_CONVERSION = YES;
				CLANG_WARN_COMMA = YES;
				CLANG_WARN_CONSTANT_CONVERSION = YES;
				CLANG_WARN_DEPRECATED_OBJC_IMPLEMENTATIONS = YES;
				CLANG_WARN_DIRECT_OBJC_ISA_USAGE = YES_ERROR;
				CLANG_WARN_DOCUMENTATION_COMMENTS = YES;
				CLANG_WARN_EMPTY_BODY = YES;
				CLANG_WARN_ENUM_CONVERSION = YES;
				CLANG_WARN_INFINITE_RECURSION = YES;
				CLANG_WARN_INT_CONVERSION = YES;
				CLANG_WARN_NON_LITERAL_NULL_CONVERSION = YES;
				CLANG_WARN_OBJC_IMPLICIT_RETAIN_SELF = YES;
				CLANG_WARN_OBJC_LITERAL_CONVERSION = YES;
				CLANG_WARN_OBJC_ROOT_CLASS = YES_ERROR;
				CLANG_WARN_RANGE_LOOP_ANALYSIS = YES;
				CLANG_WARN_STRICT_PROTOTYPES = YES;
				CLANG_WARN_SUSPICIOUS_MOVE = YES;
				CLANG_WARN_UNGUARDED_AVAILABILITY = YES_AGGRESSIVE;
				CLANG_WARN_UNREACHABLE_CODE = YES;
				CLANG_WARN__DUPLICATE_METHOD_MATCH = YES;
				CODE_SIGN_IDENTITY = "iPhone Developer";
				COPY_PHASE_STRIP = NO;
				DEBUG_INFORMATION_FORMAT = dwarf;
				ENABLE_STRICT_OBJC_MSGSEND = YES;
				ENABLE_TESTABILITY = YES;
				GCC_C_LANGUAGE_STANDARD = gnu11;
				GCC_DYNAMIC_NO_PIC = NO;
				GCC_NO_COMMON_BLOCKS = YES;
				GCC_OPTIMIZATION_LEVEL = 0;
				GCC_PREPROCESSOR_DEFINITIONS = (
					"DEBUG=1",
					"$(inherited)",
				);
				GCC_WARN_64_TO_32_BIT_CONVERSION = YES;
				GCC_WARN_ABOUT_RETURN_TYPE = YES_ERROR;
				GCC_WARN_UNDECLARED_SELECTOR = YES;
				GCC_WARN_UNINITIALIZED_AUTOS = YES_AGGRESSIVE;
				GCC_WARN_UNUSED_FUNCTION = YES;
				GCC_WARN_UNUSED_VARIABLE = YES;
				IPHONEOS_DEPLOYMENT_TARGET = 11.4;
				MTL_ENABLE_DEBUG_INFO = YES;
				ONLY_ACTIVE_ARCH = YES;
				SDKROOT = iphoneos;
				SWIFT_ACTIVE_COMPILATION_CONDITIONS = DEBUG;
				SWIFT_OPTIMIZATION_LEVEL = "-Onone";
			};
			name = Debug;
		};
		4B62978D21838C070049E074 /* Release */ = {
			isa = XCBuildConfiguration;
			buildSettings = {
				ALWAYS_SEARCH_USER_PATHS = NO;
				CLANG_ANALYZER_NONNULL = YES;
				CLANG_ANALYZER_NUMBER_OBJECT_CONVERSION = YES_AGGRESSIVE;
				CLANG_CXX_LANGUAGE_STANDARD = "gnu++14";
				CLANG_CXX_LIBRARY = "libc++";
				CLANG_ENABLE_MODULES = YES;
				CLANG_ENABLE_OBJC_ARC = YES;
				CLANG_ENABLE_OBJC_WEAK = YES;
				CLANG_WARN_BLOCK_CAPTURE_AUTORELEASING = YES;
				CLANG_WARN_BOOL_CONVERSION = YES;
				CLANG_WARN_COMMA = YES;
				CLANG_WARN_CONSTANT_CONVERSION = YES;
				CLANG_WARN_DEPRECATED_OBJC_IMPLEMENTATIONS = YES;
				CLANG_WARN_DIRECT_OBJC_ISA_USAGE = YES_ERROR;
				CLANG_WARN_DOCUMENTATION_COMMENTS = YES;
				CLANG_WARN_EMPTY_BODY = YES;
				CLANG_WARN_ENUM_CONVERSION = YES;
				CLANG_WARN_INFINITE_RECURSION = YES;
				CLANG_WARN_INT_CONVERSION = YES;
				CLANG_WARN_NON_LITERAL_NULL_CONVERSION = YES;
				CLANG_WARN_OBJC_IMPLICIT_RETAIN_SELF = YES;
				CLANG_WARN_OBJC_LITERAL_CONVERSION = YES;
				CLANG_WARN_OBJC_ROOT_CLASS = YES_ERROR;
				CLANG_WARN_RANGE_LOOP_ANALYSIS = YES;
				CLANG_WARN_STRICT_PROTOTYPES = YES;
				CLANG_WARN_SUSPICIOUS_MOVE = YES;
				CLANG_WARN_UNGUARDED_AVAILABILITY = YES_AGGRESSIVE;
				CLANG_WARN_UNREACHABLE_CODE = YES;
				CLANG_WARN__DUPLICATE_METHOD_MATCH = YES;
				CODE_SIGN_IDENTITY = "iPhone Developer";
				COPY_PHASE_STRIP = NO;
				DEBUG_INFORMATION_FORMAT = "dwarf-with-dsym";
				ENABLE_NS_ASSERTIONS = NO;
				ENABLE_STRICT_OBJC_MSGSEND = YES;
				GCC_C_LANGUAGE_STANDARD = gnu11;
				GCC_NO_COMMON_BLOCKS = YES;
				GCC_WARN_64_TO_32_BIT_CONVERSION = YES;
				GCC_WARN_ABOUT_RETURN_TYPE = YES_ERROR;
				GCC_WARN_UNDECLARED_SELECTOR = YES;
				GCC_WARN_UNINITIALIZED_AUTOS = YES_AGGRESSIVE;
				GCC_WARN_UNUSED_FUNCTION = YES;
				GCC_WARN_UNUSED_VARIABLE = YES;
				IPHONEOS_DEPLOYMENT_TARGET = 11.4;
				MTL_ENABLE_DEBUG_INFO = NO;
				SDKROOT = iphoneos;
				SWIFT_COMPILATION_MODE = wholemodule;
				SWIFT_OPTIMIZATION_LEVEL = "-O";
				VALIDATE_PRODUCT = YES;
			};
			name = Release;
		};
		4B62978F21838C070049E074 /* Debug */ = {
			isa = XCBuildConfiguration;
			buildSettings = {
				ASSETCATALOG_COMPILER_APPICON_NAME = AppIcon;
				CODE_SIGN_STYLE = Automatic;
				DEVELOPMENT_TEAM = 5T35AH4C47;
				INFOPLIST_FILE = Lyreka_xcodeProject/Info.plist;
				LD_RUNPATH_SEARCH_PATHS = (
					"$(inherited)",
					"@executable_path/Frameworks",
				);
				PRODUCT_BUNDLE_IDENTIFIER = com.example.Lyreka_xcodeProject;
				PRODUCT_NAME = "$(TARGET_NAME)";
				SWIFT_VERSION = 4.0;
				TARGETED_DEVICE_FAMILY = "1,2";
			};
			name = Debug;
		};
		4B62979021838C070049E074 /* Release */ = {
			isa = XCBuildConfiguration;
			buildSettings = {
				ASSETCATALOG_COMPILER_APPICON_NAME = AppIcon;
				CODE_SIGN_STYLE = Automatic;
				DEVELOPMENT_TEAM = 5T35AH4C47;
				INFOPLIST_FILE = Lyreka_xcodeProject/Info.plist;
				LD_RUNPATH_SEARCH_PATHS = (
					"$(inherited)",
					"@executable_path/Frameworks",
				);
				PRODUCT_BUNDLE_IDENTIFIER = com.example.Lyreka_xcodeProject;
				PRODUCT_NAME = "$(TARGET_NAME)";
				SWIFT_VERSION = 4.0;
				TARGETED_DEVICE_FAMILY = "1,2";
			};
			name = Release;
		};
/* End XCBuildConfiguration section */

/* Begin XCConfigurationList section */
		305859AA218FC236000C5806 /* Build configuration list for PBXNativeTarget "Lyreka_xcodeProjectUITests" */ = {
			isa = XCConfigurationList;
			buildConfigurations = (
				305859A8218FC236000C5806 /* Debug */,
				305859A9218FC236000C5806 /* Release */,
			);
			defaultConfigurationIsVisible = 0;
			defaultConfigurationName = Release;
		};
		4B62977721838C060049E074 /* Build configuration list for PBXProject "Lyreka_xcodeProject" */ = {
			isa = XCConfigurationList;
			buildConfigurations = (
				4B62978C21838C070049E074 /* Debug */,
				4B62978D21838C070049E074 /* Release */,
			);
			defaultConfigurationIsVisible = 0;
			defaultConfigurationName = Release;
		};
		4B62978E21838C070049E074 /* Build configuration list for PBXNativeTarget "Lyreka_xcodeProject" */ = {
			isa = XCConfigurationList;
			buildConfigurations = (
				4B62978F21838C070049E074 /* Debug */,
				4B62979021838C070049E074 /* Release */,
			);
			defaultConfigurationIsVisible = 0;
			defaultConfigurationName = Release;
		};
/* End XCConfigurationList section */
	};
	rootObject = 4B62977421838C060049E074 /* Project object */;
}
